
Microsoft Visual Studio Solution File, Format Version 12.00
# Visual Studio 2012
Project("{8BC9CEB8-8B4A-11D0-8D11-00A0C91BC942}") = "myth_resources", "myth_resources\myth_resources.vcxproj", "{DFD752F8-246F-4883-AF19-03ABB4F4BFE8}"
EndProject
Global
	GlobalSection(SolutionConfigurationPlatforms) = preSolution
		Debug|Win32 = Debug|Win32
		Release|Win32 = Release|Win32
	EndGlobalSection
	GlobalSection(ProjectConfigurationPlatforms) = postSolution
		{DFD752F8-246F-4883-AF19-03ABB4F4BFE8}.Debug|Win32.ActiveCfg = Debug|Win32
		{DFD752F8-246F-4883-AF19-03ABB4F4BFE8}.Debug|Win32.Build.0 = Debug|Win32
		{DFD752F8-246F-4883-AF19-03ABB4F4BFE8}.Release|Win32.ActiveCfg = Release|Win32
		{DFD752F8-246F-4883-AF19-03ABB4F4BFE8}.Release|Win32.Build.0 = Release|Win32
	EndGlobalSection
	GlobalSection(SolutionProperties) = preSolution
		HideSolutionNode = FALSE
	EndGlobalSection
EndGlobal
