
Microsoft Visual Studio Solution File, Format Version 12.00
# Visual Studio 2012
Project("{8BC9CEB8-8B4A-11D0-8D11-00A0C91BC942}") = "Test_WINDOW", "Test_WINDOW\Test_WINDOW.vcxproj", "{DE019C87-B2C2-4C8D-BC30-D07B65C38412}"
EndProject
Project("{8BC9CEB8-8B4A-11D0-8D11-00A0C91BC942}") = "myth_window", "..\myth_window\myth_window\myth_window.vcxproj", "{EE89E428-56FE-46E2-AB34-6780C737BA5A}"
EndProject
Project("{8BC9CEB8-8B4A-11D0-8D11-00A0C91BC942}") = "myth_input", "..\myth_input\myth_input\myth_input.vcxproj", "{185DB830-8B76-4D5F-8322-F546AD79706D}"
EndProject
Global
	GlobalSection(SolutionConfigurationPlatforms) = preSolution
		Debug|Win32 = Debug|Win32
		Release|Win32 = Release|Win32
	EndGlobalSection
	GlobalSection(ProjectConfigurationPlatforms) = postSolution
		{DE019C87-B2C2-4C8D-BC30-D07B65C38412}.Debug|Win32.ActiveCfg = Debug|Win32
		{DE019C87-B2C2-4C8D-BC30-D07B65C38412}.Debug|Win32.Build.0 = Debug|Win32
		{DE019C87-B2C2-4C8D-BC30-D07B65C38412}.Release|Win32.ActiveCfg = Release|Win32
		{DE019C87-B2C2-4C8D-BC30-D07B65C38412}.Release|Win32.Build.0 = Release|Win32
		{EE89E428-56FE-46E2-AB34-6780C737BA5A}.Debug|Win32.ActiveCfg = Debug|Win32
		{EE89E428-56FE-46E2-AB34-6780C737BA5A}.Debug|Win32.Build.0 = Debug|Win32
		{EE89E428-56FE-46E2-AB34-6780C737BA5A}.Release|Win32.ActiveCfg = Release|Win32
		{EE89E428-56FE-46E2-AB34-6780C737BA5A}.Release|Win32.Build.0 = Release|Win32
		{185DB830-8B76-4D5F-8322-F546AD79706D}.Debug|Win32.ActiveCfg = Debug|Win32
		{185DB830-8B76-4D5F-8322-F546AD79706D}.Debug|Win32.Build.0 = Debug|Win32
		{185DB830-8B76-4D5F-8322-F546AD79706D}.Release|Win32.ActiveCfg = Release|Win32
		{185DB830-8B76-4D5F-8322-F546AD79706D}.Release|Win32.Build.0 = Release|Win32
	EndGlobalSection
	GlobalSection(SolutionProperties) = preSolution
		HideSolutionNode = FALSE
	EndGlobalSection
EndGlobal
