
Microsoft Visual Studio Solution File, Format Version 12.00
# Visual Studio 2012
Project("{8BC9CEB8-8B4A-11D0-8D11-00A0C91BC942}") = "TEST_GRAPHICS", "TEST_GRAPHICS\TEST_GRAPHICS.vcxproj", "{188AA59D-B0F8-4878-BC0A-4D34E61B29B8}"
EndProject
Project("{8BC9CEB8-8B4A-11D0-8D11-00A0C91BC942}") = "myth_graphics", "..\myth_graphics\myth_graphics\myth_graphics.vcxproj", "{54A0D7A0-15DA-4B6E-AAC4-47DF5FB643BD}"
EndProject
Project("{8BC9CEB8-8B4A-11D0-8D11-00A0C91BC942}") = "myth_os_windows", "..\myth_os_windows\myth_os_windows\myth_os_windows.vcxproj", "{02700ECF-8D26-4336-89B4-64050321647F}"
EndProject
Project("{8BC9CEB8-8B4A-11D0-8D11-00A0C91BC942}") = "myth_input", "..\myth_input\myth_input\myth_input.vcxproj", "{185DB830-8B76-4D5F-8322-F546AD79706D}"
EndProject
Project("{8BC9CEB8-8B4A-11D0-8D11-00A0C91BC942}") = "myth_managers", "..\myth_managers\myth_managers\myth_managers.vcxproj", "{27CE3CDF-DB08-4343-BBA0-811A05D64752}"
EndProject
Project("{8BC9CEB8-8B4A-11D0-8D11-00A0C91BC942}") = "myth_window", "..\myth_window\myth_window\myth_window.vcxproj", "{EE89E428-56FE-46E2-AB34-6780C737BA5A}"
EndProject
Project("{8BC9CEB8-8B4A-11D0-8D11-00A0C91BC942}") = "myth_shapes", "..\myth_shapes\myth_shapes\myth_shapes.vcxproj", "{D4FC78E5-DF73-4B6C-A33C-5C956134B3BB}"
EndProject
Project("{8BC9CEB8-8B4A-11D0-8D11-00A0C91BC942}") = "myth_containers", "..\myth_containers\myth_containers\myth_containers.vcxproj", "{B6909CD5-61DF-4C3C-B30E-3CC27EA9667A}"
EndProject
Project("{8BC9CEB8-8B4A-11D0-8D11-00A0C91BC942}") = "myth_io", "..\myth_io\myth_io\myth_io.vcxproj", "{BC75AD59-4C07-4B0E-9A8F-CD0ABBF84CD4}"
EndProject
Project("{8BC9CEB8-8B4A-11D0-8D11-00A0C91BC942}") = "myth_resources", "..\myth_resources\myth_resources\myth_resources.vcxproj", "{DFD752F8-246F-4883-AF19-03ABB4F4BFE8}"
EndProject
Project("{8BC9CEB8-8B4A-11D0-8D11-00A0C91BC942}") = "myth_assets", "..\myth_assets\myth_asset.vcxproj", "{AAACC200-ECB5-46B6-98C5-B67805BD296B}"
EndProject
Project("{8BC9CEB8-8B4A-11D0-8D11-00A0C91BC942}") = "myth_generic", "..\myth_generic\myth_generic\myth_generic.vcxproj", "{88A4A956-70F6-46A4-ADEA-58C94B82BF08}"
EndProject
Global
	GlobalSection(SolutionConfigurationPlatforms) = preSolution
		Debug|Win32 = Debug|Win32
		Release|Win32 = Release|Win32
	EndGlobalSection
	GlobalSection(ProjectConfigurationPlatforms) = postSolution
		{188AA59D-B0F8-4878-BC0A-4D34E61B29B8}.Debug|Win32.ActiveCfg = Debug|Win32
		{188AA59D-B0F8-4878-BC0A-4D34E61B29B8}.Debug|Win32.Build.0 = Debug|Win32
		{188AA59D-B0F8-4878-BC0A-4D34E61B29B8}.Release|Win32.ActiveCfg = Release|Win32
		{188AA59D-B0F8-4878-BC0A-4D34E61B29B8}.Release|Win32.Build.0 = Release|Win32
		{54A0D7A0-15DA-4B6E-AAC4-47DF5FB643BD}.Debug|Win32.ActiveCfg = Debug|Win32
		{54A0D7A0-15DA-4B6E-AAC4-47DF5FB643BD}.Debug|Win32.Build.0 = Debug|Win32
		{54A0D7A0-15DA-4B6E-AAC4-47DF5FB643BD}.Release|Win32.ActiveCfg = Release|Win32
		{54A0D7A0-15DA-4B6E-AAC4-47DF5FB643BD}.Release|Win32.Build.0 = Release|Win32
		{02700ECF-8D26-4336-89B4-64050321647F}.Debug|Win32.ActiveCfg = Debug|Win32
		{02700ECF-8D26-4336-89B4-64050321647F}.Debug|Win32.Build.0 = Debug|Win32
		{02700ECF-8D26-4336-89B4-64050321647F}.Release|Win32.ActiveCfg = Release|Win32
		{02700ECF-8D26-4336-89B4-64050321647F}.Release|Win32.Build.0 = Release|Win32
		{185DB830-8B76-4D5F-8322-F546AD79706D}.Debug|Win32.ActiveCfg = Debug|Win32
		{185DB830-8B76-4D5F-8322-F546AD79706D}.Debug|Win32.Build.0 = Debug|Win32
		{185DB830-8B76-4D5F-8322-F546AD79706D}.Release|Win32.ActiveCfg = Release|Win32
		{185DB830-8B76-4D5F-8322-F546AD79706D}.Release|Win32.Build.0 = Release|Win32
		{27CE3CDF-DB08-4343-BBA0-811A05D64752}.Debug|Win32.ActiveCfg = Debug|Win32
		{27CE3CDF-DB08-4343-BBA0-811A05D64752}.Debug|Win32.Build.0 = Debug|Win32
		{27CE3CDF-DB08-4343-BBA0-811A05D64752}.Release|Win32.ActiveCfg = Release|Win32
		{27CE3CDF-DB08-4343-BBA0-811A05D64752}.Release|Win32.Build.0 = Release|Win32
		{EE89E428-56FE-46E2-AB34-6780C737BA5A}.Debug|Win32.ActiveCfg = Debug|Win32
		{EE89E428-56FE-46E2-AB34-6780C737BA5A}.Debug|Win32.Build.0 = Debug|Win32
		{EE89E428-56FE-46E2-AB34-6780C737BA5A}.Release|Win32.ActiveCfg = Release|Win32
		{EE89E428-56FE-46E2-AB34-6780C737BA5A}.Release|Win32.Build.0 = Release|Win32
		{D4FC78E5-DF73-4B6C-A33C-5C956134B3BB}.Debug|Win32.ActiveCfg = Debug|Win32
		{D4FC78E5-DF73-4B6C-A33C-5C956134B3BB}.Debug|Win32.Build.0 = Debug|Win32
		{D4FC78E5-DF73-4B6C-A33C-5C956134B3BB}.Release|Win32.ActiveCfg = Release|Win32
		{D4FC78E5-DF73-4B6C-A33C-5C956134B3BB}.Release|Win32.Build.0 = Release|Win32
		{B6909CD5-61DF-4C3C-B30E-3CC27EA9667A}.Debug|Win32.ActiveCfg = Debug|Win32
		{B6909CD5-61DF-4C3C-B30E-3CC27EA9667A}.Debug|Win32.Build.0 = Debug|Win32
		{B6909CD5-61DF-4C3C-B30E-3CC27EA9667A}.Release|Win32.ActiveCfg = Release|Win32
		{B6909CD5-61DF-4C3C-B30E-3CC27EA9667A}.Release|Win32.Build.0 = Release|Win32
		{BC75AD59-4C07-4B0E-9A8F-CD0ABBF84CD4}.Debug|Win32.ActiveCfg = Debug|Win32
		{BC75AD59-4C07-4B0E-9A8F-CD0ABBF84CD4}.Debug|Win32.Build.0 = Debug|Win32
		{BC75AD59-4C07-4B0E-9A8F-CD0ABBF84CD4}.Release|Win32.ActiveCfg = Release|Win32
		{BC75AD59-4C07-4B0E-9A8F-CD0ABBF84CD4}.Release|Win32.Build.0 = Release|Win32
		{DFD752F8-246F-4883-AF19-03ABB4F4BFE8}.Debug|Win32.ActiveCfg = Debug|Win32
		{DFD752F8-246F-4883-AF19-03ABB4F4BFE8}.Debug|Win32.Build.0 = Debug|Win32
		{DFD752F8-246F-4883-AF19-03ABB4F4BFE8}.Release|Win32.ActiveCfg = Release|Win32
		{DFD752F8-246F-4883-AF19-03ABB4F4BFE8}.Release|Win32.Build.0 = Release|Win32
		{AAACC200-ECB5-46B6-98C5-B67805BD296B}.Debug|Win32.ActiveCfg = Debug|Win32
		{AAACC200-ECB5-46B6-98C5-B67805BD296B}.Debug|Win32.Build.0 = Debug|Win32
		{AAACC200-ECB5-46B6-98C5-B67805BD296B}.Release|Win32.ActiveCfg = Release|Win32
		{AAACC200-ECB5-46B6-98C5-B67805BD296B}.Release|Win32.Build.0 = Release|Win32
		{88A4A956-70F6-46A4-ADEA-58C94B82BF08}.Debug|Win32.ActiveCfg = Debug|Win32
		{88A4A956-70F6-46A4-ADEA-58C94B82BF08}.Debug|Win32.Build.0 = Debug|Win32
		{88A4A956-70F6-46A4-ADEA-58C94B82BF08}.Release|Win32.ActiveCfg = Release|Win32
		{88A4A956-70F6-46A4-ADEA-58C94B82BF08}.Release|Win32.Build.0 = Release|Win32
	EndGlobalSection
	GlobalSection(SolutionProperties) = preSolution
		HideSolutionNode = FALSE
	EndGlobalSection
EndGlobal
